
Microsoft Visual Studio Solution File, Format Version 12.00
# Visual Studio Version 17
VisualStudioVersion = 17.0.31903.59
MinimumVisualStudioVersion = 10.0.40219.1
Project("{2150E333-8FDC-42A3-9474-1A3956D46DE8}") = "src", "src", "{2C5813C5-5EC5-494C-B448-501574E561AE}"
EndProject
Project("{F2A71F9B-5D33-465A-A702-920D77279786}") = "Tirax.KMS", "src\Tirax.KMS\Tirax.KMS.fsproj", "{F8E131F7-171A-4AD1-95B2-4FA4511982D2}"
EndProject
Project("{2150E333-8FDC-42A3-9474-1A3956D46DE8}") = "Solution Items", "Solution Items", "{E1F8D3DD-28AC-4A26-AA78-8776D6DAFF03}"
	ProjectSection(SolutionItems) = preProject
		.gitignore = .gitignore
		db\schema.ttl = db\schema.ttl
	EndProjectSection
EndProject
Project("{FAE04EC0-301F-11D3-BF4B-00C04F79EFBC}") = "Tirax.KMS.App", "src\Tirax.KMS.App\Tirax.KMS.App.csproj", "{EE733A6B-63FE-407E-BF28-04CA650284A7}"
EndProject
Global
	GlobalSection(SolutionConfigurationPlatforms) = preSolution
		Debug|Any CPU = Debug|Any CPU
		Release|Any CPU = Release|Any CPU
	EndGlobalSection
	GlobalSection(SolutionProperties) = preSolution
		HideSolutionNode = FALSE
	EndGlobalSection
	GlobalSection(ProjectConfigurationPlatforms) = postSolution
		{F8E131F7-171A-4AD1-95B2-4FA4511982D2}.Debug|Any CPU.ActiveCfg = Debug|Any CPU
		{F8E131F7-171A-4AD1-95B2-4FA4511982D2}.Debug|Any CPU.Build.0 = Debug|Any CPU
		{F8E131F7-171A-4AD1-95B2-4FA4511982D2}.Release|Any CPU.ActiveCfg = Release|Any CPU
		{F8E131F7-171A-4AD1-95B2-4FA4511982D2}.Release|Any CPU.Build.0 = Release|Any CPU
		{EE733A6B-63FE-407E-BF28-04CA650284A7}.Debug|Any CPU.ActiveCfg = Debug|Any CPU
		{EE733A6B-63FE-407E-BF28-04CA650284A7}.Debug|Any CPU.Build.0 = Debug|Any CPU
		{EE733A6B-63FE-407E-BF28-04CA650284A7}.Release|Any CPU.ActiveCfg = Release|Any CPU
		{EE733A6B-63FE-407E-BF28-04CA650284A7}.Release|Any CPU.Build.0 = Release|Any CPU
	EndGlobalSection
	GlobalSection(NestedProjects) = preSolution
		{F8E131F7-171A-4AD1-95B2-4FA4511982D2} = {2C5813C5-5EC5-494C-B448-501574E561AE}
		{EE733A6B-63FE-407E-BF28-04CA650284A7} = {2C5813C5-5EC5-494C-B448-501574E561AE}
	EndGlobalSection
EndGlobal
